
Microsoft Visual Studio Solution File, Format Version 12.00
# Visual Studio Version 17
VisualStudioVersion = 17.2.32630.192
MinimumVisualStudioVersion = 10.0.40219.1
Project("{9A19103F-16F7-4668-BE54-9A1E7A4F7556}") = "OverlayClock", "OverlayClock\OverlayClock.csproj", "{8A2FCF9D-C65D-4536-BA47-EE3DFA8A93E9}"
EndProject
Project("{54435603-DBB4-11D2-8724-00A0C9A8B90C}") = "Installer", "Installer\Installer.vdproj", "{692643AC-723D-48AB-B4C7-88ED066FC76F}"
EndProject
Global
	GlobalSection(SolutionConfigurationPlatforms) = preSolution
		Debug|Any CPU = Debug|Any CPU
		Release|Any CPU = Release|Any CPU
	EndGlobalSection
	GlobalSection(ProjectConfigurationPlatforms) = postSolution
		{8A2FCF9D-C65D-4536-BA47-EE3DFA8A93E9}.Debug|Any CPU.ActiveCfg = Debug|Any CPU
		{8A2FCF9D-C65D-4536-BA47-EE3DFA8A93E9}.Debug|Any CPU.Build.0 = Debug|Any CPU
		{8A2FCF9D-C65D-4536-BA47-EE3DFA8A93E9}.Release|Any CPU.ActiveCfg = Release|Any CPU
		{8A2FCF9D-C65D-4536-BA47-EE3DFA8A93E9}.Release|Any CPU.Build.0 = Release|Any CPU
		{692643AC-723D-48AB-B4C7-88ED066FC76F}.Debug|Any CPU.ActiveCfg = Debug
		{692643AC-723D-48AB-B4C7-88ED066FC76F}.Release|Any CPU.ActiveCfg = Release
	EndGlobalSection
	GlobalSection(SolutionProperties) = preSolution
		HideSolutionNode = FALSE
	EndGlobalSection
	GlobalSection(ExtensibilityGlobals) = postSolution
		SolutionGuid = {B2DFC4B4-58E4-485A-A65E-461581B2AE72}
	EndGlobalSection
EndGlobal
